// !$*UTF8*$!
{
	archiveVersion = 1;
	classes = {
	};
	objectVersion = 56;
	objects = {

/* Begin PBXBuildFile section */
		B05D04A22A322EF6000ECAD9 /* AppDelegate.swift in Sources */ = {isa = PBXBuildFile; fileRef = B05D04A12A322EF6000ECAD9 /* AppDelegate.swift */; };
		B05D04A42A322EF6000ECAD9 /* SceneDelegate.swift in Sources */ = {isa = PBXBuildFile; fileRef = B05D04A32A322EF6000ECAD9 /* SceneDelegate.swift */; };
		B05D04A62A322EF6000ECAD9 /* ViewController.swift in Sources */ = {isa = PBXBuildFile; fileRef = B05D04A52A322EF6000ECAD9 /* ViewController.swift */; };
		B05D04A92A322EF6000ECAD9 /* Main.storyboard in Resources */ = {isa = PBXBuildFile; fileRef = B05D04A72A322EF6000ECAD9 /* Main.storyboard */; };
		B05D04AB2A322EF7000ECAD9 /* Assets.xcassets in Resources */ = {isa = PBXBuildFile; fileRef = B05D04AA2A322EF7000ECAD9 /* Assets.xcassets */; };
		B05D04AE2A322EF7000ECAD9 /* LaunchScreen.storyboard in Resources */ = {isa = PBXBuildFile; fileRef = B05D04AC2A322EF7000ECAD9 /* LaunchScreen.storyboard */; };
		B05D04B92A322EF7000ECAD9 /* PlayingCardsTests.swift in Sources */ = {isa = PBXBuildFile; fileRef = B05D04B82A322EF7000ECAD9 /* PlayingCardsTests.swift */; };
		B05D04C32A322EF7000ECAD9 /* PlayingCardsUITests.swift in Sources */ = {isa = PBXBuildFile; fileRef = B05D04C22A322EF7000ECAD9 /* PlayingCardsUITests.swift */; };
		B05D04C52A322EF7000ECAD9 /* PlayingCardsUITestsLaunchTests.swift in Sources */ = {isa = PBXBuildFile; fileRef = B05D04C42A322EF7000ECAD9 /* PlayingCardsUITestsLaunchTests.swift */; };
		B05D04D32A322F63000ECAD9 /* PlayingCard.swift in Sources */ = {isa = PBXBuildFile; fileRef = B05D04D22A322F63000ECAD9 /* PlayingCard.swift */; };
		B05D04D52A323242000ECAD9 /* PlayingCardDeck.swift in Sources */ = {isa = PBXBuildFile; fileRef = B05D04D42A323242000ECAD9 /* PlayingCardDeck.swift */; };
		B08D4DDF2A3355870050E61B /* PlayingCardView.swift in Sources */ = {isa = PBXBuildFile; fileRef = B08D4DDE2A3355870050E61B /* PlayingCardView.swift */; };
/* End PBXBuildFile section */

/* Begin PBXContainerItemProxy section */
		B05D04B52A322EF7000ECAD9 /* PBXContainerItemProxy */ = {
			isa = PBXContainerItemProxy;
			containerPortal = B05D04962A322EF6000ECAD9 /* Project object */;
			proxyType = 1;
			remoteGlobalIDString = B05D049D2A322EF6000ECAD9;
			remoteInfo = PlayingCards;
		};
		B05D04BF2A322EF7000ECAD9 /* PBXContainerItemProxy */ = {
			isa = PBXContainerItemProxy;
			containerPortal = B05D04962A322EF6000ECAD9 /* Project object */;
			proxyType = 1;
			remoteGlobalIDString = B05D049D2A322EF6000ECAD9;
			remoteInfo = PlayingCards;
		};
/* End PBXContainerItemProxy section */

/* Begin PBXFileReference section */
		B05D049E2A322EF6000ECAD9 /* PlayingCards.app */ = {isa = PBXFileReference; explicitFileType = wrapper.application; includeInIndex = 0; path = PlayingCards.app; sourceTree = BUILT_PRODUCTS_DIR; };
		B05D04A12A322EF6000ECAD9 /* AppDelegate.swift */ = {isa = PBXFileReference; lastKnownFileType = sourcecode.swift; path = AppDelegate.swift; sourceTree = "<group>"; };
		B05D04A32A322EF6000ECAD9 /* SceneDelegate.swift */ = {isa = PBXFileReference; lastKnownFileType = sourcecode.swift; path = SceneDelegate.swift; sourceTree = "<group>"; };
		B05D04A52A322EF6000ECAD9 /* ViewController.swift */ = {isa = PBXFileReference; lastKnownFileType = sourcecode.swift; path = ViewController.swift; sourceTree = "<group>"; };
		B05D04A82A322EF6000ECAD9 /* Base */ = {isa = PBXFileReference; lastKnownFileType = file.storyboard; name = Base; path = Base.lproj/Main.storyboard; sourceTree = "<group>"; };
		B05D04AA2A322EF7000ECAD9 /* Assets.xcassets */ = {isa = PBXFileReference; lastKnownFileType = folder.assetcatalog; path = Assets.xcassets; sourceTree = "<group>"; };
		B05D04AD2A322EF7000ECAD9 /* Base */ = {isa = PBXFileReference; lastKnownFileType = file.storyboard; name = Base; path = Base.lproj/LaunchScreen.storyboard; sourceTree = "<group>"; };
		B05D04AF2A322EF7000ECAD9 /* Info.plist */ = {isa = PBXFileReference; lastKnownFileType = text.plist.xml; path = Info.plist; sourceTree = "<group>"; };
		B05D04B42A322EF7000ECAD9 /* PlayingCardsTests.xctest */ = {isa = PBXFileReference; explicitFileType = wrapper.cfbundle; includeInIndex = 0; path = PlayingCardsTests.xctest; sourceTree = BUILT_PRODUCTS_DIR; };
		B05D04B82A322EF7000ECAD9 /* PlayingCardsTests.swift */ = {isa = PBXFileReference; lastKnownFileType = sourcecode.swift; path = PlayingCardsTests.swift; sourceTree = "<group>"; };
		B05D04BE2A322EF7000ECAD9 /* PlayingCardsUITests.xctest */ = {isa = PBXFileReference; explicitFileType = wrapper.cfbundle; includeInIndex = 0; path = PlayingCardsUITests.xctest; sourceTree = BUILT_PRODUCTS_DIR; };
		B05D04C22A322EF7000ECAD9 /* PlayingCardsUITests.swift */ = {isa = PBXFileReference; lastKnownFileType = sourcecode.swift; path = PlayingCardsUITests.swift; sourceTree = "<group>"; };
		B05D04C42A322EF7000ECAD9 /* PlayingCardsUITestsLaunchTests.swift */ = {isa = PBXFileReference; lastKnownFileType = sourcecode.swift; path = PlayingCardsUITestsLaunchTests.swift; sourceTree = "<group>"; };
		B05D04D22A322F63000ECAD9 /* PlayingCard.swift */ = {isa = PBXFileReference; lastKnownFileType = sourcecode.swift; path = PlayingCard.swift; sourceTree = "<group>"; };
		B05D04D42A323242000ECAD9 /* PlayingCardDeck.swift */ = {isa = PBXFileReference; lastKnownFileType = sourcecode.swift; name = PlayingCardDeck.swift; path = PlayingCards/PlayingCardDeck.swift; sourceTree = SOURCE_ROOT; };
		B08D4DDE2A3355870050E61B /* PlayingCardView.swift */ = {isa = PBXFileReference; lastKnownFileType = sourcecode.swift; name = PlayingCardView.swift; path = PlayingCards/PlayingCardView.swift; sourceTree = SOURCE_ROOT; };
/* End PBXFileReference section */

/* Begin PBXFrameworksBuildPhase section */
		B05D049B2A322EF6000ECAD9 /* Frameworks */ = {
			isa = PBXFrameworksBuildPhase;
			buildActionMask = 2147483647;
			files = (
			);
			runOnlyForDeploymentPostprocessing = 0;
		};
		B05D04B12A322EF7000ECAD9 /* Frameworks */ = {
			isa = PBXFrameworksBuildPhase;
			buildActionMask = 2147483647;
			files = (
			);
			runOnlyForDeploymentPostprocessing = 0;
		};
		B05D04BB2A322EF7000ECAD9 /* Frameworks */ = {
			isa = PBXFrameworksBuildPhase;
			buildActionMask = 2147483647;
			files = (
			);
			runOnlyForDeploymentPostprocessing = 0;
		};
/* End PBXFrameworksBuildPhase section */

/* Begin PBXGroup section */
		B05D04952A322EF6000ECAD9 = {
			isa = PBXGroup;
			children = (
				B05D04A02A322EF6000ECAD9 /* PlayingCards */,
				B05D04B72A322EF7000ECAD9 /* PlayingCardsTests */,
				B05D04C12A322EF7000ECAD9 /* PlayingCardsUITests */,
				B05D049F2A322EF6000ECAD9 /* Products */,
			);
			sourceTree = "<group>";
		};
		B05D049F2A322EF6000ECAD9 /* Products */ = {
			isa = PBXGroup;
			children = (
				B05D049E2A322EF6000ECAD9 /* PlayingCards.app */,
				B05D04B42A322EF7000ECAD9 /* PlayingCardsTests.xctest */,
				B05D04BE2A322EF7000ECAD9 /* PlayingCardsUITests.xctest */,
			);
			name = Products;
			sourceTree = "<group>";
		};
		B05D04A02A322EF6000ECAD9 /* PlayingCards */ = {
			isa = PBXGroup;
			children = (
				B05D04D12A322F28000ECAD9 /* Supporting Files */,
				B05D04A52A322EF6000ECAD9 /* ViewController.swift */,
				B05D04A72A322EF6000ECAD9 /* Main.storyboard */,
				B05D04AA2A322EF7000ECAD9 /* Assets.xcassets */,
				B05D04AC2A322EF7000ECAD9 /* LaunchScreen.storyboard */,
				B05D04AF2A322EF7000ECAD9 /* Info.plist */,
			);
			path = PlayingCards;
			sourceTree = "<group>";
		};
		B05D04B72A322EF7000ECAD9 /* PlayingCardsTests */ = {
			isa = PBXGroup;
			children = (
				B05D04B82A322EF7000ECAD9 /* PlayingCardsTests.swift */,
			);
			path = PlayingCardsTests;
			sourceTree = "<group>";
		};
		B05D04C12A322EF7000ECAD9 /* PlayingCardsUITests */ = {
			isa = PBXGroup;
			children = (
				B05D04C22A322EF7000ECAD9 /* PlayingCardsUITests.swift */,
				B05D04C42A322EF7000ECAD9 /* PlayingCardsUITestsLaunchTests.swift */,
			);
			path = PlayingCardsUITests;
			sourceTree = "<group>";
		};
		B05D04D12A322F28000ECAD9 /* Supporting Files */ = {
			isa = PBXGroup;
			children = (
				B05D04A12A322EF6000ECAD9 /* AppDelegate.swift */,
				B05D04A32A322EF6000ECAD9 /* SceneDelegate.swift */,
				B05D04D22A322F63000ECAD9 /* PlayingCard.swift */,
				B08D4DDE2A3355870050E61B /* PlayingCardView.swift */,
				B05D04D42A323242000ECAD9 /* PlayingCardDeck.swift */,
			);
			path = "Supporting Files";
			sourceTree = "<group>";
		};
/* End PBXGroup section */

/* Begin PBXNativeTarget section */
		B05D049D2A322EF6000ECAD9 /* PlayingCards */ = {
			isa = PBXNativeTarget;
			buildConfigurationList = B05D04C82A322EF7000ECAD9 /* Build configuration list for PBXNativeTarget "PlayingCards" */;
			buildPhases = (
				B05D049A2A322EF6000ECAD9 /* Sources */,
				B05D049B2A322EF6000ECAD9 /* Frameworks */,
				B05D049C2A322EF6000ECAD9 /* Resources */,
			);
			buildRules = (
			);
			dependencies = (
			);
			name = PlayingCards;
			productName = PlayingCards;
			productReference = B05D049E2A322EF6000ECAD9 /* PlayingCards.app */;
			productType = "com.apple.product-type.application";
		};
		B05D04B32A322EF7000ECAD9 /* PlayingCardsTests */ = {
			isa = PBXNativeTarget;
			buildConfigurationList = B05D04CB2A322EF7000ECAD9 /* Build configuration list for PBXNativeTarget "PlayingCardsTests" */;
			buildPhases = (
				B05D04B02A322EF7000ECAD9 /* Sources */,
				B05D04B12A322EF7000ECAD9 /* Frameworks */,
				B05D04B22A322EF7000ECAD9 /* Resources */,
			);
			buildRules = (
			);
			dependencies = (
				B05D04B62A322EF7000ECAD9 /* PBXTargetDependency */,
			);
			name = PlayingCardsTests;
			productName = PlayingCardsTests;
			productReference = B05D04B42A322EF7000ECAD9 /* PlayingCardsTests.xctest */;
			productType = "com.apple.product-type.bundle.unit-test";
		};
		B05D04BD2A322EF7000ECAD9 /* PlayingCardsUITests */ = {
			isa = PBXNativeTarget;
			buildConfigurationList = B05D04CE2A322EF7000ECAD9 /* Build configuration list for PBXNativeTarget "PlayingCardsUITests" */;
			buildPhases = (
				B05D04BA2A322EF7000ECAD9 /* Sources */,
				B05D04BB2A322EF7000ECAD9 /* Frameworks */,
				B05D04BC2A322EF7000ECAD9 /* Resources */,
			);
			buildRules = (
			);
			dependencies = (
				B05D04C02A322EF7000ECAD9 /* PBXTargetDependency */,
			);
			name = PlayingCardsUITests;
			productName = PlayingCardsUITests;
			productReference = B05D04BE2A322EF7000ECAD9 /* PlayingCardsUITests.xctest */;
			productType = "com.apple.product-type.bundle.ui-testing";
		};
/* End PBXNativeTarget section */

/* Begin PBXProject section */
		B05D04962A322EF6000ECAD9 /* Project object */ = {
			isa = PBXProject;
			attributes = {
				BuildIndependentTargetsInParallel = 1;
				LastSwiftUpdateCheck = 1430;
				LastUpgradeCheck = 1430;
				TargetAttributes = {
					B05D049D2A322EF6000ECAD9 = {
						CreatedOnToolsVersion = 14.3.1;
					};
					B05D04B32A322EF7000ECAD9 = {
						CreatedOnToolsVersion = 14.3.1;
						TestTargetID = B05D049D2A322EF6000ECAD9;
					};
					B05D04BD2A322EF7000ECAD9 = {
						CreatedOnToolsVersion = 14.3.1;
						TestTargetID = B05D049D2A322EF6000ECAD9;
					};
				};
			};
			buildConfigurationList = B05D04992A322EF6000ECAD9 /* Build configuration list for PBXProject "PlayingCards" */;
			compatibilityVersion = "Xcode 14.0";
			developmentRegion = en;
			hasScannedForEncodings = 0;
			knownRegions = (
				en,
				Base,
			);
			mainGroup = B05D04952A322EF6000ECAD9;
			productRefGroup = B05D049F2A322EF6000ECAD9 /* Products */;
			projectDirPath = "";
			projectRoot = "";
			targets = (
				B05D049D2A322EF6000ECAD9 /* PlayingCards */,
				B05D04B32A322EF7000ECAD9 /* PlayingCardsTests */,
				B05D04BD2A322EF7000ECAD9 /* PlayingCardsUITests */,
			);
		};
/* End PBXProject section */

/* Begin PBXResourcesBuildPhase section */
		B05D049C2A322EF6000ECAD9 /* Resources */ = {
			isa = PBXResourcesBuildPhase;
			buildActionMask = 2147483647;
			files = (
				B05D04AE2A322EF7000ECAD9 /* LaunchScreen.storyboard in Resources */,
				B05D04AB2A322EF7000ECAD9 /* Assets.xcassets in Resources */,
				B05D04A92A322EF6000ECAD9 /* Main.storyboard in Resources */,
			);
			runOnlyForDeploymentPostprocessing = 0;
		};
		B05D04B22A322EF7000ECAD9 /* Resources */ = {
			isa = PBXResourcesBuildPhase;
			buildActionMask = 2147483647;
			files = (
			);
			runOnlyForDeploymentPostprocessing = 0;
		};
		B05D04BC2A322EF7000ECAD9 /* Resources */ = {
			isa = PBXResourcesBuildPhase;
			buildActionMask = 2147483647;
			files = (
			);
			runOnlyForDeploymentPostprocessing = 0;
		};
/* End PBXResourcesBuildPhase section */

/* Begin PBXSourcesBuildPhase section */
		B05D049A2A322EF6000ECAD9 /* Sources */ = {
			isa = PBXSourcesBuildPhase;
			buildActionMask = 2147483647;
			files = (
				B05D04A62A322EF6000ECAD9 /* ViewController.swift in Sources */,
				B08D4DDF2A3355870050E61B /* PlayingCardView.swift in Sources */,
				B05D04A22A322EF6000ECAD9 /* AppDelegate.swift in Sources */,
				B05D04D52A323242000ECAD9 /* PlayingCardDeck.swift in Sources */,
				B05D04D32A322F63000ECAD9 /* PlayingCard.swift in Sources */,
				B05D04A42A322EF6000ECAD9 /* SceneDelegate.swift in Sources */,
			);
			runOnlyForDeploymentPostprocessing = 0;
		};
		B05D04B02A322EF7000ECAD9 /* Sources */ = {
			isa = PBXSourcesBuildPhase;
			buildActionMask = 2147483647;
			files = (
				B05D04B92A322EF7000ECAD9 /* PlayingCardsTests.swift in Sources */,
			);
			runOnlyForDeploymentPostprocessing = 0;
		};
		B05D04BA2A322EF7000ECAD9 /* Sources */ = {
			isa = PBXSourcesBuildPhase;
			buildActionMask = 2147483647;
			files = (
				B05D04C32A322EF7000ECAD9 /* PlayingCardsUITests.swift in Sources */,
				B05D04C52A322EF7000ECAD9 /* PlayingCardsUITestsLaunchTests.swift in Sources */,
			);
			runOnlyForDeploymentPostprocessing = 0;
		};
/* End PBXSourcesBuildPhase section */

/* Begin PBXTargetDependency section */
		B05D04B62A322EF7000ECAD9 /* PBXTargetDependency */ = {
			isa = PBXTargetDependency;
			target = B05D049D2A322EF6000ECAD9 /* PlayingCards */;
			targetProxy = B05D04B52A322EF7000ECAD9 /* PBXContainerItemProxy */;
		};
		B05D04C02A322EF7000ECAD9 /* PBXTargetDependency */ = {
			isa = PBXTargetDependency;
			target = B05D049D2A322EF6000ECAD9 /* PlayingCards */;
			targetProxy = B05D04BF2A322EF7000ECAD9 /* PBXContainerItemProxy */;
		};
/* End PBXTargetDependency section */

/* Begin PBXVariantGroup section */
		B05D04A72A322EF6000ECAD9 /* Main.storyboard */ = {
			isa = PBXVariantGroup;
			children = (
				B05D04A82A322EF6000ECAD9 /* Base */,
			);
			name = Main.storyboard;
			sourceTree = "<group>";
		};
		B05D04AC2A322EF7000ECAD9 /* LaunchScreen.storyboard */ = {
			isa = PBXVariantGroup;
			children = (
				B05D04AD2A322EF7000ECAD9 /* Base */,
			);
			name = LaunchScreen.storyboard;
			sourceTree = "<group>";
		};
/* End PBXVariantGroup section */

/* Begin XCBuildConfiguration section */
		B05D04C62A322EF7000ECAD9 /* Debug */ = {
			isa = XCBuildConfiguration;
			buildSettings = {
				ALWAYS_SEARCH_USER_PATHS = NO;
				CLANG_ANALYZER_NONNULL = YES;
				CLANG_ANALYZER_NUMBER_OBJECT_CONVERSION = YES_AGGRESSIVE;
				CLANG_CXX_LANGUAGE_STANDARD = "gnu++20";
				CLANG_ENABLE_MODULES = YES;
				CLANG_ENABLE_OBJC_ARC = YES;
				CLANG_ENABLE_OBJC_WEAK = YES;
				CLANG_WARN_BLOCK_CAPTURE_AUTORELEASING = YES;
				CLANG_WARN_BOOL_CONVERSION = YES;
				CLANG_WARN_COMMA = YES;
				CLANG_WARN_CONSTANT_CONVERSION = YES;
				CLANG_WARN_DEPRECATED_OBJC_IMPLEMENTATIONS = YES;
				CLANG_WARN_DIRECT_OBJC_ISA_USAGE = YES_ERROR;
				CLANG_WARN_DOCUMENTATION_COMMENTS = YES;
				CLANG_WARN_EMPTY_BODY = YES;
				CLANG_WARN_ENUM_CONVERSION = YES;
				CLANG_WARN_INFINITE_RECURSION = YES;
				CLANG_WARN_INT_CONVERSION = YES;
				CLANG_WARN_NON_LITERAL_NULL_CONVERSION = YES;
				CLANG_WARN_OBJC_IMPLICIT_RETAIN_SELF = YES;
				CLANG_WARN_OBJC_LITERAL_CONVERSION = YES;
				CLANG_WARN_OBJC_ROOT_CLASS = YES_ERROR;
				CLANG_WARN_QUOTED_INCLUDE_IN_FRAMEWORK_HEADER = YES;
				CLANG_WARN_RANGE_LOOP_ANALYSIS = YES;
				CLANG_WARN_STRICT_PROTOTYPES = YES;
				CLANG_WARN_SUSPICIOUS_MOVE = YES;
				CLANG_WARN_UNGUARDED_AVAILABILITY = YES_AGGRESSIVE;
				CLANG_WARN_UNREACHABLE_CODE = YES;
				CLANG_WARN__DUPLICATE_METHOD_MATCH = YES;
				COPY_PHASE_STRIP = NO;
				DEBUG_INFORMATION_FORMAT = dwarf;
				ENABLE_STRICT_OBJC_MSGSEND = YES;
				ENABLE_TESTABILITY = YES;
				GCC_C_LANGUAGE_STANDARD = gnu11;
				GCC_DYNAMIC_NO_PIC = NO;
				GCC_NO_COMMON_BLOCKS = YES;
				GCC_OPTIMIZATION_LEVEL = 0;
				GCC_PREPROCESSOR_DEFINITIONS = (
					"DEBUG=1",
					"$(inherited)",
				);
				GCC_WARN_64_TO_32_BIT_CONVERSION = YES;
				GCC_WARN_ABOUT_RETURN_TYPE = YES_ERROR;
				GCC_WARN_UNDECLARED_SELECTOR = YES;
				GCC_WARN_UNINITIALIZED_AUTOS = YES_AGGRESSIVE;
				GCC_WARN_UNUSED_FUNCTION = YES;
				GCC_WARN_UNUSED_VARIABLE = YES;
				IPHONEOS_DEPLOYMENT_TARGET = 16.4;
				MTL_ENABLE_DEBUG_INFO = INCLUDE_SOURCE;
				MTL_FAST_MATH = YES;
				ONLY_ACTIVE_ARCH = YES;
				SDKROOT = iphoneos;
				SWIFT_ACTIVE_COMPILATION_CONDITIONS = DEBUG;
				SWIFT_OPTIMIZATION_LEVEL = "-Onone";
			};
			name = Debug;
		};
		B05D04C72A322EF7000ECAD9 /* Release */ = {
			isa = XCBuildConfiguration;
			buildSettings = {
				ALWAYS_SEARCH_USER_PATHS = NO;
				CLANG_ANALYZER_NONNULL = YES;
				CLANG_ANALYZER_NUMBER_OBJECT_CONVERSION = YES_AGGRESSIVE;
				CLANG_CXX_LANGUAGE_STANDARD = "gnu++20";
				CLANG_ENABLE_MODULES = YES;
				CLANG_ENABLE_OBJC_ARC = YES;
				CLANG_ENABLE_OBJC_WEAK = YES;
				CLANG_WARN_BLOCK_CAPTURE_AUTORELEASING = YES;
				CLANG_WARN_BOOL_CONVERSION = YES;
				CLANG_WARN_COMMA = YES;
				CLANG_WARN_CONSTANT_CONVERSION = YES;
				CLANG_WARN_DEPRECATED_OBJC_IMPLEMENTATIONS = YES;
				CLANG_WARN_DIRECT_OBJC_ISA_USAGE = YES_ERROR;
				CLANG_WARN_DOCUMENTATION_COMMENTS = YES;
				CLANG_WARN_EMPTY_BODY = YES;
				CLANG_WARN_ENUM_CONVERSION = YES;
				CLANG_WARN_INFINITE_RECURSION = YES;
				CLANG_WARN_INT_CONVERSION = YES;
				CLANG_WARN_NON_LITERAL_NULL_CONVERSION = YES;
				CLANG_WARN_OBJC_IMPLICIT_RETAIN_SELF = YES;
				CLANG_WARN_OBJC_LITERAL_CONVERSION = YES;
				CLANG_WARN_OBJC_ROOT_CLASS = YES_ERROR;
				CLANG_WARN_QUOTED_INCLUDE_IN_FRAMEWORK_HEADER = YES;
				CLANG_WARN_RANGE_LOOP_ANALYSIS = YES;
				CLANG_WARN_STRICT_PROTOTYPES = YES;
				CLANG_WARN_SUSPICIOUS_MOVE = YES;
				CLANG_WARN_UNGUARDED_AVAILABILITY = YES_AGGRESSIVE;
				CLANG_WARN_UNREACHABLE_CODE = YES;
				CLANG_WARN__DUPLICATE_METHOD_MATCH = YES;
				COPY_PHASE_STRIP = NO;
				DEBUG_INFORMATION_FORMAT = "dwarf-with-dsym";
				ENABLE_NS_ASSERTIONS = NO;
				ENABLE_STRICT_OBJC_MSGSEND = YES;
				GCC_C_LANGUAGE_STANDARD = gnu11;
				GCC_NO_COMMON_BLOCKS = YES;
				GCC_WARN_64_TO_32_BIT_CONVERSION = YES;
				GCC_WARN_ABOUT_RETURN_TYPE = YES_ERROR;
				GCC_WARN_UNDECLARED_SELECTOR = YES;
				GCC_WARN_UNINITIALIZED_AUTOS = YES_AGGRESSIVE;
				GCC_WARN_UNUSED_FUNCTION = YES;
				GCC_WARN_UNUSED_VARIABLE = YES;
				IPHONEOS_DEPLOYMENT_TARGET = 16.4;
				MTL_ENABLE_DEBUG_INFO = NO;
				MTL_FAST_MATH = YES;
				SDKROOT = iphoneos;
				SWIFT_COMPILATION_MODE = wholemodule;
				SWIFT_OPTIMIZATION_LEVEL = "-O";
				VALIDATE_PRODUCT = YES;
			};
			name = Release;
		};
		B05D04C92A322EF7000ECAD9 /* Debug */ = {
			isa = XCBuildConfiguration;
			buildSettings = {
				ASSETCATALOG_COMPILER_APPICON_NAME = AppIcon;
				ASSETCATALOG_COMPILER_GLOBAL_ACCENT_COLOR_NAME = AccentColor;
				CODE_SIGN_STYLE = Automatic;
				CURRENT_PROJECT_VERSION = 1;
				DEVELOPMENT_TEAM = 9N3YH5DLHZ;
				GENERATE_INFOPLIST_FILE = YES;
				INFOPLIST_FILE = PlayingCards/Info.plist;
				INFOPLIST_KEY_UIApplicationSupportsIndirectInputEvents = YES;
				INFOPLIST_KEY_UILaunchStoryboardName = LaunchScreen;
				INFOPLIST_KEY_UIMainStoryboardFile = Main;
				INFOPLIST_KEY_UISupportedInterfaceOrientations_iPad = "UIInterfaceOrientationPortrait UIInterfaceOrientationPortraitUpsideDown UIInterfaceOrientationLandscapeLeft UIInterfaceOrientationLandscapeRight";
				INFOPLIST_KEY_UISupportedInterfaceOrientations_iPhone = "UIInterfaceOrientationPortrait UIInterfaceOrientationLandscapeLeft UIInterfaceOrientationLandscapeRight";
				LD_RUNPATH_SEARCH_PATHS = (
					"$(inherited)",
					"@executable_path/Frameworks",
				);
				MARKETING_VERSION = 1.0;
				PRODUCT_BUNDLE_IDENTIFIER = stvim.PlayingCards;
				PRODUCT_NAME = "$(TARGET_NAME)";
				SWIFT_EMIT_LOC_STRINGS = YES;
				SWIFT_VERSION = 5.0;
				TARGETED_DEVICE_FAMILY = "1,2";
			};
			name = Debug;
		};
		B05D04CA2A322EF7000ECAD9 /* Release */ = {
			isa = XCBuildConfiguration;
			buildSettings = {
				ASSETCATALOG_COMPILER_APPICON_NAME = AppIcon;
				ASSETCATALOG_COMPILER_GLOBAL_ACCENT_COLOR_NAME = AccentColor;
				CODE_SIGN_STYLE = Automatic;
				CURRENT_PROJECT_VERSION = 1;
				DEVELOPMENT_TEAM = 9N3YH5DLHZ;
				GENERATE_INFOPLIST_FILE = YES;
				INFOPLIST_FILE = PlayingCards/Info.plist;
				INFOPLIST_KEY_UIApplicationSupportsIndirectInputEvents = YES;
				INFOPLIST_KEY_UILaunchStoryboardName = LaunchScreen;
				INFOPLIST_KEY_UIMainStoryboardFile = Main;
				INFOPLIST_KEY_UISupportedInterfaceOrientations_iPad = "UIInterfaceOrientationPortrait UIInterfaceOrientationPortraitUpsideDown UIInterfaceOrientationLandscapeLeft UIInterfaceOrientationLandscapeRight";
				INFOPLIST_KEY_UISupportedInterfaceOrientations_iPhone = "UIInterfaceOrientationPortrait UIInterfaceOrientationLandscapeLeft UIInterfaceOrientationLandscapeRight";
				LD_RUNPATH_SEARCH_PATHS = (
					"$(inherited)",
					"@executable_path/Frameworks",
				);
				MARKETING_VERSION = 1.0;
				PRODUCT_BUNDLE_IDENTIFIER = stvim.PlayingCards;
				PRODUCT_NAME = "$(TARGET_NAME)";
				SWIFT_EMIT_LOC_STRINGS = YES;
				SWIFT_VERSION = 5.0;
				TARGETED_DEVICE_FAMILY = "1,2";
			};
			name = Release;
		};
		B05D04CC2A322EF7000ECAD9 /* Debug */ = {
			isa = XCBuildConfiguration;
			buildSettings = {
				ALWAYS_EMBED_SWIFT_STANDARD_LIBRARIES = YES;
				BUNDLE_LOADER = "$(TEST_HOST)";
				CODE_SIGN_STYLE = Automatic;
				CURRENT_PROJECT_VERSION = 1;
				DEVELOPMENT_TEAM = 9N3YH5DLHZ;
				GENERATE_INFOPLIST_FILE = YES;
				IPHONEOS_DEPLOYMENT_TARGET = 16.4;
				MARKETING_VERSION = 1.0;
				PRODUCT_BUNDLE_IDENTIFIER = stvim.PlayingCardsTests;
				PRODUCT_NAME = "$(TARGET_NAME)";
				SWIFT_EMIT_LOC_STRINGS = NO;
				SWIFT_VERSION = 5.0;
				TARGETED_DEVICE_FAMILY = "1,2";
				TEST_HOST = "$(BUILT_PRODUCTS_DIR)/PlayingCards.app/$(BUNDLE_EXECUTABLE_FOLDER_PATH)/PlayingCards";
			};
			name = Debug;
		};
		B05D04CD2A322EF7000ECAD9 /* Release */ = {
			isa = XCBuildConfiguration;
			buildSettings = {
				ALWAYS_EMBED_SWIFT_STANDARD_LIBRARIES = YES;
				BUNDLE_LOADER = "$(TEST_HOST)";
				CODE_SIGN_STYLE = Automatic;
				CURRENT_PROJECT_VERSION = 1;
				DEVELOPMENT_TEAM = 9N3YH5DLHZ;
				GENERATE_INFOPLIST_FILE = YES;
				IPHONEOS_DEPLOYMENT_TARGET = 16.4;
				MARKETING_VERSION = 1.0;
				PRODUCT_BUNDLE_IDENTIFIER = stvim.PlayingCardsTests;
				PRODUCT_NAME = "$(TARGET_NAME)";
				SWIFT_EMIT_LOC_STRINGS = NO;
				SWIFT_VERSION = 5.0;
				TARGETED_DEVICE_FAMILY = "1,2";
				TEST_HOST = "$(BUILT_PRODUCTS_DIR)/PlayingCards.app/$(BUNDLE_EXECUTABLE_FOLDER_PATH)/PlayingCards";
			};
			name = Release;
		};
		B05D04CF2A322EF7000ECAD9 /* Debug */ = {
			isa = XCBuildConfiguration;
			buildSettings = {
				ALWAYS_EMBED_SWIFT_STANDARD_LIBRARIES = YES;
				CODE_SIGN_STYLE = Automatic;
				CURRENT_PROJECT_VERSION = 1;
				DEVELOPMENT_TEAM = 9N3YH5DLHZ;
				GENERATE_INFOPLIST_FILE = YES;
				MARKETING_VERSION = 1.0;
				PRODUCT_BUNDLE_IDENTIFIER = stvim.PlayingCardsUITests;
				PRODUCT_NAME = "$(TARGET_NAME)";
				SWIFT_EMIT_LOC_STRINGS = NO;
				SWIFT_VERSION = 5.0;
				TARGETED_DEVICE_FAMILY = "1,2";
				TEST_TARGET_NAME = PlayingCards;
			};
			name = Debug;
		};
		B05D04D02A322EF7000ECAD9 /* Release */ = {
			isa = XCBuildConfiguration;
			buildSettings = {
				ALWAYS_EMBED_SWIFT_STANDARD_LIBRARIES = YES;
				CODE_SIGN_STYLE = Automatic;
				CURRENT_PROJECT_VERSION = 1;
				DEVELOPMENT_TEAM = 9N3YH5DLHZ;
				GENERATE_INFOPLIST_FILE = YES;
				MARKETING_VERSION = 1.0;
				PRODUCT_BUNDLE_IDENTIFIER = stvim.PlayingCardsUITests;
				PRODUCT_NAME = "$(TARGET_NAME)";
				SWIFT_EMIT_LOC_STRINGS = NO;
				SWIFT_VERSION = 5.0;
				TARGETED_DEVICE_FAMILY = "1,2";
				TEST_TARGET_NAME = PlayingCards;
			};
			name = Release;
		};
/* End XCBuildConfiguration section */

/* Begin XCConfigurationList section */
		B05D04992A322EF6000ECAD9 /* Build configuration list for PBXProject "PlayingCards" */ = {
			isa = XCConfigurationList;
			buildConfigurations = (
				B05D04C62A322EF7000ECAD9 /* Debug */,
				B05D04C72A322EF7000ECAD9 /* Release */,
			);
			defaultConfigurationIsVisible = 0;
			defaultConfigurationName = Release;
		};
		B05D04C82A322EF7000ECAD9 /* Build configuration list for PBXNativeTarget "PlayingCards" */ = {
			isa = XCConfigurationList;
			buildConfigurations = (
				B05D04C92A322EF7000ECAD9 /* Debug */,
				B05D04CA2A322EF7000ECAD9 /* Release */,
			);
			defaultConfigurationIsVisible = 0;
			defaultConfigurationName = Release;
		};
		B05D04CB2A322EF7000ECAD9 /* Build configuration list for PBXNativeTarget "PlayingCardsTests" */ = {
			isa = XCConfigurationList;
			buildConfigurations = (
				B05D04CC2A322EF7000ECAD9 /* Debug */,
				B05D04CD2A322EF7000ECAD9 /* Release */,
			);
			defaultConfigurationIsVisible = 0;
			defaultConfigurationName = Release;
		};
		B05D04CE2A322EF7000ECAD9 /* Build configuration list for PBXNativeTarget "PlayingCardsUITests" */ = {
			isa = XCConfigurationList;
			buildConfigurations = (
				B05D04CF2A322EF7000ECAD9 /* Debug */,
				B05D04D02A322EF7000ECAD9 /* Release */,
			);
			defaultConfigurationIsVisible = 0;
			defaultConfigurationName = Release;
		};
/* End XCConfigurationList section */
	};
	rootObject = B05D04962A322EF6000ECAD9 /* Project object */;
}
